{
    "_meta": {
        "hash": {
            "sha256": "4201f8f77580d2f8478e3e73aa253377a19a7b07b486715b5599f7458312770a"
        },
        "pipfile-spec": 6,
        "requires": {
            "python_version": "3.6"
        },
        "sources": [
            {
                "name": "pypi",
                "url": "https://pypi.python.org/simple",
                "verify_ssl": true
            }
        ]
    },
    "default": {
        "django": {
            "hashes": [
                "sha256:a32c22af23634e1d11425574dce756098e015a165be02e4690179889b207c7a8",
                "sha256:d6393918da830530a9516bbbcbf7f1214c3d733738779f06b0f649f49cc698c3"
            ],
            "index": "pypi",
            "version": "==2.1.5"
        },
        "docutils": {
            "hashes": [
                "sha256:02aec4bd92ab067f6ff27a38a38a41173bf01bed8f89157768c1573f53e474a6",
                "sha256:51e64ef2ebfb29cae1faa133b3710143496eca21c530f3f71424d77687764274",
                "sha256:7a4bd47eaf6596e1295ecb11361139febe29b084a87bf005bf899f9a42edc3c6"
            ],
            "index": "pypi",
            "version": "==0.14"
        },
        "pillow": {
            "hashes": [
                "sha256:0b573c490ba47558d972410f9c4b8aad708069890d994407aa37c0ba050190bf",
                "sha256:0cd42fe2d99ec6ce23aaf00947a7b7956ad2ed4b1695fd37545c3b8eae06d95a",
                "sha256:137bed8972089d65da63fb79b4949b0f2b99e9a58f1b494e82be43ba8b0f4226",
                "sha256:13e43028070909115e146bab2f9d3c69f4736efd0133fa2db19e6553bb6dddbb",
                "sha256:14eb2b2e4f2a14f5c89fd0edf55c5af0bf1a40fdf3838d81867f26f131cd557d",
                "sha256:1fc43ce8c4fa3754222cd6831d599ad17ca2fc9868d2fb52f4e5362dfbfaf379",
                "sha256:24ce20ba43daf85db954b4da9a2d4160f08c1b7dfcc4e6da68bebe06244f95bb",
                "sha256:26dfeee23a86dad6277a63d18f61f53b957cb2cd3506dbbd74b88ba2fa65b3b1",
                "sha256:2e0e582942e025cc58f669499a8e0bffde5bcc8d42b65729f294c1dac54e4672",
                "sha256:33eb0d36b01ab832105017e23ad6988061b3f6a9b2d86349e63bc53e03210f7b",
                "sha256:343bb970e9140470e0ca2cf358dafbeba9906594b1bd00617a7224a777e4fa69",
                "sha256:38e312f6641e87daed374dcb75107a3779efad0f3b597a70246359a8c711236d",
                "sha256:3bb8dd3ce101dd8b0b37eaae924a5bb93abb6ffdd034bf68a066a808e11768ab",
                "sha256:3f07da3874f0b085421f1d4f979785131aa9d497501d8610d82f7378b33858f8",
                "sha256:429b2b5ae5f57f8fd9ec2e012c1e7b342ff10f1a8977dc291976b9a3b4c096e1",
                "sha256:4572721de16fdfd01e3dafecda73d29683221918046a6809b61bd9abdfdde3e3",
                "sha256:4a000fdd89d77b6b675de27e1ab91c6fba517c08f19ee83e6716b78930634e04",
                "sha256:4c6c3423827ce6d78f7cfc8caefc8ecf58a69bc2488da95e58f55a4c35b42b53",
                "sha256:4ccbe7cce6156391a3ecf447c79a7d4a1a0ecd3de79bdec9ca5e4f7242a306d1",
                "sha256:4d08034196db41acb7392e4fccfc0448e7a87192c41d3011ad4093eac2c31ffd",
                "sha256:4d19fe659c986412752f68661556a280a8e0306773ec7e0d9237c8f09ea6c8c8",
                "sha256:4d42ee5ad8b1d19b79ab3c37bb267d5049b4cc44ee48e7d3f0f40140b7ad89d1",
                "sha256:5bc0a4a3b807f55610ee8d748287fe2aa1d8a4090c3dc8fe08d95e9e8c9aae93",
                "sha256:6b202b1cb524bc76ed52a7eb0314f4b0a0497c7cceb9a93539b5a25800e1f2b6",
                "sha256:8563b56fa7c34f1606848c2143ea67d27cf225b9726a1b041c3d27cf85e46edc",
                "sha256:86d7421e8803d7bae2e594765c378a867b629d46b32fbfe5ed9fd95b30989feb",
                "sha256:8c3534fae8d759c5a0d14e67085dc27127efe8b38c95854f7dc2618dbfb7cd0c",
                "sha256:8d4bddedcb4ab99131d9705a75720efc48b3d006122dae1a4cc329496ac47c9a",
                "sha256:94b6bcad10c610ff5d58c7f1ccc46210dbfac7f2eab8085a7553ac1512c2c964",
                "sha256:9cb08fba1b7bde4568573384df4632f5844e83c2687f1bd054f615a3b3b26b9b",
                "sha256:a4929c6de9590635c34533609402c9da12b22bfc2feb8c0c4f38c39bab48a9ad",
                "sha256:b0736e21798448cee3e663c0df7a6dfa83d805b3f3a45e67f7457a2f019e5fca",
                "sha256:b291635fd07ce3f12d19cb5b6541530aa3f78407323a5aca331455c84ef39d97",
                "sha256:b669acba91d47395de84c9ca52a7ad393b487e5ae2e20b9b2790b22a57d479fa",
                "sha256:b73abeebfc781681c9c69c86c3abaa715a93af4d80296c21b86711fefd965389",
                "sha256:bba993443921f2d077195b425a3283357f52b07807d53704610c1249d20b183a",
                "sha256:bdf706a93d00547c9443b2654ae424fd54d5dece4bc4333e7035740aeb7a7cea",
                "sha256:c5aa93e55175b9cde95279ccd03c93d218976b376480222d37be41d2c9c54510",
                "sha256:c88bdfdc0f032d7e2be6f01ade359c8262cd8ef251b2984cba0e21e9724a41c1",
                "sha256:cc11fd997d8ad71bb0412e983b711e49639c2ddba9b9dce04d4bdab575fe5f84",
                "sha256:d584f1c33995c3dc16a35e30ef43e0881fa0d085f0fef29cebf154ffb5643363",
                "sha256:d660d06bc62c9e8ecfe2619c7f075c4ebf7ee846bc5edc487e14568ff1de56dc",
                "sha256:d88f54bdefb7ddccb68efdd710d689aa6a09b875cc3e44b7e81ef54e0751e3a7",
                "sha256:de0d323072be72fa4d74f4e013cd594e3f8ee03b2e0eac5876a3249fa076ef7b",
                "sha256:ef4e4e464ae6c6284086192272c5384cc17c72e9d30e64ce0c1f460cf34d9393",
                "sha256:f139c963c6679d236b2c45369524338eabd36a853fe23abd39ba246ab0a75aec",
                "sha256:f41c0bf667c4c1c30b873eaa8d6bb894f6d721b3e38e9c993bddd1263c02fb1f",
                "sha256:fbd0ea468b4ec04270533bf5206f1cd57746fcf226520bb133318fa276de2644",
                "sha256:fe2d2850521c467c915ff0a6e27dc64c3c04c2f66612e0072672bd1bd4854b61",
                "sha256:feb66466fb5bba895891e739ecc355b72915de74db3fc423498da994028ebbb8",
                "sha256:ff7537c22c1964787f1324df3b8192f824576deaa5bca49227b9f7f80112e179"
            ],
            "index": "pypi",
            "version": "==5.4.0"
        },
        "psycopg2": {
            "hashes": [
                "sha256:10e391687b171878181e71736d0effe3772314a339d9ae30995ec8171a0c834e",
                "sha256:1283f9d45e458c2dcb15ba89367923563f90ef636fe78ee22df75183484a0237",
                "sha256:1a9c32e4d140bea225f9821d993b2e53c913e717ea97b851246aa9b300095d8f",
                "sha256:1be6f2438d2b71fec7b07c3c0949dd321b04349c382907ea76b36120edec8300",
                "sha256:20ca6f29e118b8dd7133e8708b3fba2881e70a4e0841f874ed23985b7201a076",
                "sha256:227c115b3c1f65d61385e51ac690b91b584640aefb45bffacd4bd33d02ed7221",
                "sha256:27959abe64ca1fc6d8cd11a71a1f421d8287831a3262bd4cacd43bbf43cc3c82",
                "sha256:2b2daf1fe30a58300542aea679fd87d1e1c2afd36e7644837b7954fa2dbacb92",
                "sha256:36e51a51f295fdf67bcf05e7b1877011a6b39e6622b0013fe31c5025241873a3",
                "sha256:3992b9b914f2eb77dc07e8045d2ca979e491612808bc5c7cd68f307469acf9f6",
                "sha256:39a11de2335ad45ececed43ab851d36a4c52843d756471b940804f301792781e",
                "sha256:3c2afe9ef0d1649005e3ccf93c1aaccd6f8ee379530e763d3b3b77f406b7c0ae",
                "sha256:3fb18e0e52807fe3a300dc1b5421aa492d5e759550918f597d61863419482535",
                "sha256:55eab94de96ee9702f23283e9c8b03cfdb0001e2b14d5d2e1bd5ff8114b96b9f",
                "sha256:7e95c0ab7e7e6e452586f35d4d8966b1e924c8dd2c23977e3ea4968770ff1d26",
                "sha256:7f47514dbddf604f196fcfe5da955537f04691bef8124aff5632316a78d992b7",
                "sha256:8345370356bb4bddf93acbcfd0357163dd6b09471937adcfb38a2fbb49bdce53",
                "sha256:8bc6ecb220c0b88d3742042013129c817c44459795c97e9ce1bca70a3f37a53b",
                "sha256:8df623f248be15d1725faf5f333791678775047f12f17a90d29b5d22573f5cdc",
                "sha256:9645f1305e4268cc0fc88c823cd6c91de27c003e183c233a6a230e5e963039ee",
                "sha256:a68719ed5be8373dd72c9e45d55f7a202285e05a2e392eaa8872a67ea47d7d20",
                "sha256:aca0edf062ec09e954fdf0cc93d3a872362701210983a1442549e703aedec25d",
                "sha256:b0dd2114d93d8f424bb8ae76e0dc540f104b70ca9163172c05e7700b1459d4c9",
                "sha256:b2c09359d6802279efb9efb3f91a9c94567151baee95175f9b637ea628f35244",
                "sha256:ca7bc37b1efb7cc25271bf10f398462ed975d95259af1406d38fcb268466e34f",
                "sha256:e64235d9013ebf6319cb9654e08f5066112c34d8c4cc41186254ab9c3d6d5b9b",
                "sha256:ec9be679c0065667503851141c31fa699e1cc69ded3ba8e5d3673dd5a6eb1370",
                "sha256:eca00d0f91fcb44d88b12f1fd16ad138e38fa07debb79587e2b7ff1fe80d72b9",
                "sha256:f256e807b8b2b45b6af60d7f2bb5194aab2f4acc861241c4d8ef942a55f5030d",
                "sha256:fce7612a3bd6a7ba95799f88285653bf130bd7ca066b52674d5f850108b2aec0"
            ],
            "index": "pypi",
            "version": "==2.7.6.1"
        },
        "pytz": {
            "hashes": [
                "sha256:1e760e2fe6a8163bc0b3d9a19c4f84342afa0a2affebfaa84b01b978a02ecaa7",
                "sha256:e68985985296d9a66a881eb3193b0906246245294a881e7c8afe623866ac6a5c"
            ],
            "version": "==2022.1"
        }
    },
    "develop": {
        "certifi": {
            "hashes": [
                "sha256:84c85a9078b11105f04f3036a9482ae10e4621616db313fe045dd24743a0820d",
                "sha256:fe86415d55e84719d75f8b69414f6438ac3547d2078ab91b67e779ef69378412"
            ],
            "markers": "python_version >= '3.6'",
            "version": "==2022.6.15"
        },
        "charset-normalizer": {
            "hashes": [
                "sha256:2857e29ff0d34db842cd7ca3230549d1a697f96ee6d3fb071cfa6c7393832597",
                "sha256:6881edbebdb17b39b4eaaa821b438bf6eddffb4468cf344f09f89def34a8b1df"
            ],
            "markers": "python_version >= '3'",
            "version": "==2.0.12"
        },
        "codecov": {
            "hashes": [
                "sha256:38b32934e759a29313382287f59986f25613708f60760c88d31e956399bbeffe",
                "sha256:4cf93c30cc1ddb6d7414fce0a45816889499c3febc8bbbc24f1cd1936a804087"
            ],
            "index": "pypi",
            "version": "==2.0.16"
        },
        "coverage": {
            "hashes": [
                "sha256:01774a2c2c729619760320270e42cd9e797427ecfddd32c2a7b639cdc481f3c0",
                "sha256:03b20e52b7d31be571c9c06b74746746d4eb82fc260e594dc662ed48145e9efd",
                "sha256:0a7726f74ff63f41e95ed3a89fef002916c828bb5fcae83b505b49d81a066884",
                "sha256:1219d760ccfafc03c0822ae2e06e3b1248a8e6d1a70928966bafc6838d3c9e48",
                "sha256:13362889b2d46e8d9f97c421539c97c963e34031ab0cb89e8ca83a10cc71ac76",
                "sha256:174cf9b4bef0db2e8244f82059a5a72bd47e1d40e71c68ab055425172b16b7d0",
                "sha256:17e6c11038d4ed6e8af1407d9e89a2904d573be29d51515f14262d7f10ef0a64",
                "sha256:215f8afcc02a24c2d9a10d3790b21054b58d71f4b3c6f055d4bb1b15cecce685",
                "sha256:22e60a3ca5acba37d1d4a2ee66e051f5b0e1b9ac950b5b0cf4aa5366eda41d47",
                "sha256:2641f803ee9f95b1f387f3e8f3bf28d83d9b69a39e9911e5bfee832bea75240d",
                "sha256:276651978c94a8c5672ea60a2656e95a3cce2a3f31e9fb2d5ebd4c215d095840",
                "sha256:3f7c17209eef285c86f819ff04a6d4cbee9b33ef05cbcaae4c0b4e8e06b3ec8f",
                "sha256:3feac4084291642165c3a0d9eaebedf19ffa505016c4d3db15bfe235718d4971",
                "sha256:49dbff64961bc9bdd2289a2bda6a3a5a331964ba5497f694e2cbd540d656dc1c",
                "sha256:4e547122ca2d244f7c090fe3f4b5a5861255ff66b7ab6d98f44a0222aaf8671a",
                "sha256:5829192582c0ec8ca4a2532407bc14c2f338d9878a10442f5d03804a95fac9de",
                "sha256:5d6b09c972ce9200264c35a1d53d43ca55ef61836d9ec60f0d44273a31aa9f17",
                "sha256:600617008aa82032ddeace2535626d1bc212dfff32b43989539deda63b3f36e4",
                "sha256:619346d57c7126ae49ac95b11b0dc8e36c1dd49d148477461bb66c8cf13bb521",
                "sha256:63c424e6f5b4ab1cf1e23a43b12f542b0ec2e54f99ec9f11b75382152981df57",
                "sha256:6dbc1536e105adda7a6312c778f15aaabe583b0e9a0b0a324990334fd458c94b",
                "sha256:6e1394d24d5938e561fbeaa0cd3d356207579c28bd1792f25a068743f2d5b282",
                "sha256:86f2e78b1eff847609b1ca8050c9e1fa3bd44ce755b2ec30e70f2d3ba3844644",
                "sha256:8bdfe9ff3a4ea37d17f172ac0dff1e1c383aec17a636b9b35906babc9f0f5475",
                "sha256:8e2c35a4c1f269704e90888e56f794e2d9c0262fb0c1b1c8c4ee44d9b9e77b5d",
                "sha256:92b8c845527eae547a2a6617d336adc56394050c3ed8a6918683646328fbb6da",
                "sha256:9365ed5cce5d0cf2c10afc6add145c5037d3148585b8ae0e77cc1efdd6aa2953",
                "sha256:9a29311bd6429be317c1f3fe4bc06c4c5ee45e2fa61b2a19d4d1d6111cb94af2",
                "sha256:9a2b5b52be0a8626fcbffd7e689781bf8c2ac01613e77feda93d96184949a98e",
                "sha256:a4bdeb0a52d1d04123b41d90a4390b096f3ef38eee35e11f0b22c2d031222c6c",
                "sha256:a9c8c4283e17690ff1a7427123ffb428ad6a52ed720d550e299e8291e33184dc",
                "sha256:b637c57fdb8be84e91fac60d9325a66a5981f8086c954ea2772efe28425eaf64",
                "sha256:bf154ba7ee2fd613eb541c2bc03d3d9ac667080a737449d1a3fb342740eb1a74",
                "sha256:c254b03032d5a06de049ce8bca8338a5185f07fb76600afff3c161e053d88617",
                "sha256:c332d8f8d448ded473b97fefe4a0983265af21917d8b0cdcb8bb06b2afe632c3",
                "sha256:c7912d1526299cb04c88288e148c6c87c0df600eca76efd99d84396cfe00ef1d",
                "sha256:cfd9386c1d6f13b37e05a91a8583e802f8059bebfccde61a418c5808dea6bbfa",
                "sha256:d5d2033d5db1d58ae2d62f095e1aefb6988af65b4b12cb8987af409587cc0739",
                "sha256:dca38a21e4423f3edb821292e97cec7ad38086f84313462098568baedf4331f8",
                "sha256:e2cad8093172b7d1595b4ad66f24270808658e11acf43a8f95b41276162eb5b8",
                "sha256:e3db840a4dee542e37e09f30859f1612da90e1c5239a6a2498c473183a50e781",
                "sha256:edcada2e24ed68f019175c2b2af2a8b481d3d084798b8c20d15d34f5c733fa58",
                "sha256:f467bbb837691ab5a8ca359199d3429a11a01e6dfb3d9dcc676dc035ca93c0a9",
                "sha256:f506af4f27def639ba45789fa6fde45f9a217da0be05f8910458e4557eed020c",
                "sha256:f614fc9956d76d8a88a88bb41ddc12709caa755666f580af3a688899721efecd",
                "sha256:f9afb5b746781fc2abce26193d1c817b7eb0e11459510fba65d2bd77fe161d9e",
                "sha256:fb8b8ee99b3fffe4fd86f4c81b35a6bf7e4462cba019997af2fe679365db0c49"
            ],
            "markers": "python_version >= '3.6'",
            "version": "==6.2"
        },
        "idna": {
            "hashes": [
                "sha256:84d9dd047ffa80596e0f246e2eab0b391788b0503584e8945f2368256d2735ff",
                "sha256:9d643ff0a55b762d5cdb124b8eaa99c66322e2157b69160bc32796e824360e6d"
            ],
            "markers": "python_version >= '3'",
            "version": "==3.3"
        },
        "mysqlclient": {
            "hashes": [
                "sha256:062d78953acb23066c0387a8f3bd0ecf946626f599145bb7fd201460e8f773e1",
                "sha256:3981ae9ce545901a36a8b7aed76ed02960a429f75dc53b7ad77fb2f9ab7cd56b",
                "sha256:b3591a00c0366de71d65108627899710d9cfb00e575c4d211aa8de59b1f130c9"
            ],
            "index": "pypi",
            "version": "==1.3.14"
        },
        "requests": {
            "hashes": [
                "sha256:68d7c56fd5a8999887728ef304a6d12edc7be74f1cfa47714fc8b414525c9a61",
                "sha256:f22fa1e554c9ddfd16e6e41ac79759e17be9e492b3587efa038054674760e72d"
            ],
            "markers": "python_version >= '2.7' and python_version not in '3.0, 3.1, 3.2, 3.3, 3.4, 3.5'",
            "version": "==2.27.1"
        },
        "urllib3": {
            "hashes": [
                "sha256:8298d6d56d39be0e3bc13c1c97d133f9b45d797169a0e11cdd0e0489d786f7ec",
                "sha256:879ba4d1e89654d9769ce13121e0f94310ea32e8d2f8cf587b77c08bbcdb30d6"
            ],
            "markers": "python_version >= '2.7' and python_version not in '3.0, 3.1, 3.2, 3.3, 3.4, 3.5' and python_version < '4'",
            "version": "==1.26.10"
        }
    }
}
